
Microsoft Visual Studio Solution File, Format Version 12.00
# Visual Studio Version 17
VisualStudioVersion = 17.4.33213.308
MinimumVisualStudioVersion = 10.0.40219.1
Project("{8BC9CEB8-8B4A-11D0-8D11-00A0C91BC942}") = "ConsoleApplication8", "ConsoleApplication8.vcxproj", "{95342E84-7A67-47E2-96EB-BC885098400F}"
EndProject
Global
	GlobalSection(SolutionConfigurationPlatforms) = preSolution
		Debug|x64 = Debug|x64
		Debug|x86 = Debug|x86
		Release|x64 = Release|x64
		Release|x86 = Release|x86
	EndGlobalSection
	GlobalSection(ProjectConfigurationPlatforms) = postSolution
		{95342E84-7A67-47E2-96EB-BC885098400F}.Debug|x64.ActiveCfg = Debug|x64
		{95342E84-7A67-47E2-96EB-BC885098400F}.Debug|x64.Build.0 = Debug|x64
		{95342E84-7A67-47E2-96EB-BC885098400F}.Debug|x86.ActiveCfg = Debug|Win32
		{95342E84-7A67-47E2-96EB-BC885098400F}.Debug|x86.Build.0 = Debug|Win32
		{95342E84-7A67-47E2-96EB-BC885098400F}.Release|x64.ActiveCfg = Release|x64
		{95342E84-7A67-47E2-96EB-BC885098400F}.Release|x64.Build.0 = Release|x64
		{95342E84-7A67-47E2-96EB-BC885098400F}.Release|x86.ActiveCfg = Release|Win32
		{95342E84-7A67-47E2-96EB-BC885098400F}.Release|x86.Build.0 = Release|Win32
	EndGlobalSection
	GlobalSection(SolutionProperties) = preSolution
		HideSolutionNode = FALSE
	EndGlobalSection
	GlobalSection(ExtensibilityGlobals) = postSolution
		SolutionGuid = {09C4FF48-A5BF-42DB-AC59-CE827FB82EA3}
	EndGlobalSection
EndGlobal
